// !$*UTF8*$!
{
	archiveVersion = 1;
	classes = {
	};
	objectVersion = 46;
	objects = {

/* Begin PBXBuildFile section */
		9B6A7B111AD837D40048E29D /* main.m in Sources */ = {isa = PBXBuildFile; fileRef = 9B6A7B101AD837D40048E29D /* main.m */; };
		9B6A7B141AD837D40048E29D /* AppDelegate.m in Sources */ = {isa = PBXBuildFile; fileRef = 9B6A7B131AD837D40048E29D /* AppDelegate.m */; };
		9B6A7B1A1AD837D40048E29D /* Main.storyboard in Resources */ = {isa = PBXBuildFile; fileRef = 9B6A7B181AD837D40048E29D /* Main.storyboard */; };
		9B6A7B1C1AD837D40048E29D /* Images.xcassets in Resources */ = {isa = PBXBuildFile; fileRef = 9B6A7B1B1AD837D40048E29D /* Images.xcassets */; };
		9B6A7B1F1AD837D40048E29D /* LaunchScreen.xib in Resources */ = {isa = PBXBuildFile; fileRef = 9B6A7B1D1AD837D40048E29D /* LaunchScreen.xib */; };
		9B6A7B2B1AD837D40048E29D /* TopTasticTests.m in Sources */ = {isa = PBXBuildFile; fileRef = 9B6A7B2A1AD837D40048E29D /* TopTasticTests.m */; };
		9B6A7B381AD8398A0048E29D /* libGTLTouchStaticLib.a in Frameworks */ = {isa = PBXBuildFile; fileRef = 9B6A7B371AD8398A0048E29D /* libGTLTouchStaticLib.a */; };
		9B6A7CE01AD83D900048E29D /* Security.framework in Frameworks */ = {isa = PBXBuildFile; fileRef = 9B6A7CDF1AD83D900048E29D /* Security.framework */; };
		9B6A7CE21AD83DEB0048E29D /* SystemConfiguration.framework in Frameworks */ = {isa = PBXBuildFile; fileRef = 9B6A7CE11AD83DEB0048E29D /* SystemConfiguration.framework */; };
		9B6A7CE41AD83E950048E29D /* GTLYouTube_Sources.m in Sources */ = {isa = PBXBuildFile; fileRef = 9B6A7CE31AD83E950048E29D /* GTLYouTube_Sources.m */; };
		9B8C24D81AD86C46009ED08C /* TableViewController.m in Sources */ = {isa = PBXBuildFile; fileRef = 9B8C24D71AD86C46009ED08C /* TableViewController.m */; };
		9B8C24DC1AD86FF9009ED08C /* YouTubeHelper.m in Sources */ = {isa = PBXBuildFile; fileRef = 9B8C24DB1AD86FF9009ED08C /* YouTubeHelper.m */; };
/* End PBXBuildFile section */

/* Begin PBXContainerItemProxy section */
		9B6A7B251AD837D40048E29D /* PBXContainerItemProxy */ = {
			isa = PBXContainerItemProxy;
			containerPortal = 9B6A7B031AD837D40048E29D /* Project object */;
			proxyType = 1;
			remoteGlobalIDString = 9B6A7B0A1AD837D40048E29D;
			remoteInfo = TopTastic;
		};
/* End PBXContainerItemProxy section */

/* Begin PBXFileReference section */
		9B3885181ADC304700F77EA6 /* GTLYouTubePlaylistItemListResponse.h */ = {isa = PBXFileReference; fileEncoding = 4; lastKnownFileType = sourcecode.c.h; name = GTLYouTubePlaylistItemListResponse.h; path = "../../../../google-api-objectivec-client-read-only/Source/Services/YouTube/Generated/GTLYouTubePlaylistItemListResponse.h"; sourceTree = "<group>"; };
		9B6A7B0B1AD837D40048E29D /* TopTastic.app */ = {isa = PBXFileReference; explicitFileType = wrapper.application; includeInIndex = 0; path = TopTastic.app; sourceTree = BUILT_PRODUCTS_DIR; };
		9B6A7B0F1AD837D40048E29D /* Info.plist */ = {isa = PBXFileReference; lastKnownFileType = text.plist.xml; path = Info.plist; sourceTree = "<group>"; };
		9B6A7B101AD837D40048E29D /* main.m */ = {isa = PBXFileReference; lastKnownFileType = sourcecode.c.objc; path = main.m; sourceTree = "<group>"; };
		9B6A7B121AD837D40048E29D /* AppDelegate.h */ = {isa = PBXFileReference; lastKnownFileType = sourcecode.c.h; path = AppDelegate.h; sourceTree = "<group>"; };
		9B6A7B131AD837D40048E29D /* AppDelegate.m */ = {isa = PBXFileReference; lastKnownFileType = sourcecode.c.objc; path = AppDelegate.m; sourceTree = "<group>"; };
		9B6A7B191AD837D40048E29D /* Base */ = {isa = PBXFileReference; lastKnownFileType = file.storyboard; name = Base; path = Base.lproj/Main.storyboard; sourceTree = "<group>"; };
		9B6A7B1B1AD837D40048E29D /* Images.xcassets */ = {isa = PBXFileReference; lastKnownFileType = folder.assetcatalog; path = Images.xcassets; sourceTree = "<group>"; };
		9B6A7B1E1AD837D40048E29D /* Base */ = {isa = PBXFileReference; lastKnownFileType = file.xib; name = Base; path = Base.lproj/LaunchScreen.xib; sourceTree = "<group>"; };
		9B6A7B241AD837D40048E29D /* TopTasticTests.xctest */ = {isa = PBXFileReference; explicitFileType = wrapper.cfbundle; includeInIndex = 0; path = TopTasticTests.xctest; sourceTree = BUILT_PRODUCTS_DIR; };
		9B6A7B291AD837D40048E29D /* Info.plist */ = {isa = PBXFileReference; lastKnownFileType = text.plist.xml; path = Info.plist; sourceTree = "<group>"; };
		9B6A7B2A1AD837D40048E29D /* TopTasticTests.m */ = {isa = PBXFileReference; lastKnownFileType = sourcecode.c.objc; path = TopTasticTests.m; sourceTree = "<group>"; };
		9B6A7B371AD8398A0048E29D /* libGTLTouchStaticLib.a */ = {isa = PBXFileReference; lastKnownFileType = archive.ar; name = libGTLTouchStaticLib.a; path = "Products/Debug-iphonesimulator/libGTLTouchStaticLib.a"; sourceTree = "<group>"; };
		9B6A7B3A1AD839A30048E29D /* GTLBase64.h */ = {isa = PBXFileReference; fileEncoding = 4; lastKnownFileType = sourcecode.c.h; path = GTLBase64.h; sourceTree = "<group>"; };
		9B6A7B3B1AD839A30048E29D /* GTLBatchQuery.h */ = {isa = PBXFileReference; fileEncoding = 4; lastKnownFileType = sourcecode.c.h; path = GTLBatchQuery.h; sourceTree = "<group>"; };
		9B6A7B3C1AD839A30048E29D /* GTLBatchResult.h */ = {isa = PBXFileReference; fileEncoding = 4; lastKnownFileType = sourcecode.c.h; path = GTLBatchResult.h; sourceTree = "<group>"; };
		9B6A7B3D1AD839A30048E29D /* GTLDateTime.h */ = {isa = PBXFileReference; fileEncoding = 4; lastKnownFileType = sourcecode.c.h; path = GTLDateTime.h; sourceTree = "<group>"; };
		9B6A7B3E1AD839A30048E29D /* GTLDefines.h */ = {isa = PBXFileReference; fileEncoding = 4; lastKnownFileType = sourcecode.c.h; path = GTLDefines.h; sourceTree = "<group>"; };
		9B6A7B3F1AD839A30048E29D /* GTLErrorObject.h */ = {isa = PBXFileReference; fileEncoding = 4; lastKnownFileType = sourcecode.c.h; path = GTLErrorObject.h; sourceTree = "<group>"; };
		9B6A7B401AD839A30048E29D /* GTLFramework.h */ = {isa = PBXFileReference; fileEncoding = 4; lastKnownFileType = sourcecode.c.h; path = GTLFramework.h; sourceTree = "<group>"; };
		9B6A7B411AD839A30048E29D /* GTLJSONParser.h */ = {isa = PBXFileReference; fileEncoding = 4; lastKnownFileType = sourcecode.c.h; path = GTLJSONParser.h; sourceTree = "<group>"; };
		9B6A7B421AD839A30048E29D /* GTLObject.h */ = {isa = PBXFileReference; fileEncoding = 4; lastKnownFileType = sourcecode.c.h; path = GTLObject.h; sourceTree = "<group>"; };
		9B6A7B431AD839A30048E29D /* GTLQuery.h */ = {isa = PBXFileReference; fileEncoding = 4; lastKnownFileType = sourcecode.c.h; path = GTLQuery.h; sourceTree = "<group>"; };
		9B6A7B441AD839A30048E29D /* GTLRuntimeCommon.h */ = {isa = PBXFileReference; fileEncoding = 4; lastKnownFileType = sourcecode.c.h; path = GTLRuntimeCommon.h; sourceTree = "<group>"; };
		9B6A7B451AD839A30048E29D /* GTLService.h */ = {isa = PBXFileReference; fileEncoding = 4; lastKnownFileType = sourcecode.c.h; path = GTLService.h; sourceTree = "<group>"; };
		9B6A7B461AD839A30048E29D /* GTLTargetNamespace.h */ = {isa = PBXFileReference; fileEncoding = 4; lastKnownFileType = sourcecode.c.h; path = GTLTargetNamespace.h; sourceTree = "<group>"; };
		9B6A7B471AD839A30048E29D /* GTLUploadParameters.h */ = {isa = PBXFileReference; fileEncoding = 4; lastKnownFileType = sourcecode.c.h; path = GTLUploadParameters.h; sourceTree = "<group>"; };
		9B6A7B481AD839A30048E29D /* GTLUtilities.h */ = {isa = PBXFileReference; fileEncoding = 4; lastKnownFileType = sourcecode.c.h; path = GTLUtilities.h; sourceTree = "<group>"; };
		9B6A7B491AD839A30048E29D /* GTMGatherInputStream.h */ = {isa = PBXFileReference; fileEncoding = 4; lastKnownFileType = sourcecode.c.h; path = GTMGatherInputStream.h; sourceTree = "<group>"; };
		9B6A7B4A1AD839A30048E29D /* GTMHTTPFetcher.h */ = {isa = PBXFileReference; fileEncoding = 4; lastKnownFileType = sourcecode.c.h; path = GTMHTTPFetcher.h; sourceTree = "<group>"; };
		9B6A7B4B1AD839A30048E29D /* GTMHTTPFetcherLogging.h */ = {isa = PBXFileReference; fileEncoding = 4; lastKnownFileType = sourcecode.c.h; path = GTMHTTPFetcherLogging.h; sourceTree = "<group>"; };
		9B6A7B4C1AD839A30048E29D /* GTMHTTPFetcherService.h */ = {isa = PBXFileReference; fileEncoding = 4; lastKnownFileType = sourcecode.c.h; path = GTMHTTPFetcherService.h; sourceTree = "<group>"; };
		9B6A7B4D1AD839A30048E29D /* GTMHTTPFetchHistory.h */ = {isa = PBXFileReference; fileEncoding = 4; lastKnownFileType = sourcecode.c.h; path = GTMHTTPFetchHistory.h; sourceTree = "<group>"; };
		9B6A7B4E1AD839A30048E29D /* GTMHTTPUploadFetcher.h */ = {isa = PBXFileReference; fileEncoding = 4; lastKnownFileType = sourcecode.c.h; path = GTMHTTPUploadFetcher.h; sourceTree = "<group>"; };
		9B6A7B4F1AD839A30048E29D /* GTMMIMEDocument.h */ = {isa = PBXFileReference; fileEncoding = 4; lastKnownFileType = sourcecode.c.h; path = GTMMIMEDocument.h; sourceTree = "<group>"; };
		9B6A7B501AD839A30048E29D /* GTMOAuth2Authentication.h */ = {isa = PBXFileReference; fileEncoding = 4; lastKnownFileType = sourcecode.c.h; path = GTMOAuth2Authentication.h; sourceTree = "<group>"; };
		9B6A7B511AD839A30048E29D /* GTMOAuth2SignIn.h */ = {isa = PBXFileReference; fileEncoding = 4; lastKnownFileType = sourcecode.c.h; path = GTMOAuth2SignIn.h; sourceTree = "<group>"; };
		9B6A7B521AD839A30048E29D /* GTMOAuth2ViewControllerTouch.h */ = {isa = PBXFileReference; fileEncoding = 4; lastKnownFileType = sourcecode.c.h; path = GTMOAuth2ViewControllerTouch.h; sourceTree = "<group>"; };
		9B6A7B531AD839A30048E29D /* GTMOAuth2WindowController.h */ = {isa = PBXFileReference; fileEncoding = 4; lastKnownFileType = sourcecode.c.h; path = GTMOAuth2WindowController.h; sourceTree = "<group>"; };
		9B6A7B541AD839A30048E29D /* GTMReadMonitorInputStream.h */ = {isa = PBXFileReference; fileEncoding = 4; lastKnownFileType = sourcecode.c.h; path = GTMReadMonitorInputStream.h; sourceTree = "<group>"; };
		9B6A7CDF1AD83D900048E29D /* Security.framework */ = {isa = PBXFileReference; lastKnownFileType = wrapper.framework; name = Security.framework; path = System/Library/Frameworks/Security.framework; sourceTree = SDKROOT; };
		9B6A7CE11AD83DEB0048E29D /* SystemConfiguration.framework */ = {isa = PBXFileReference; lastKnownFileType = wrapper.framework; name = SystemConfiguration.framework; path = System/Library/Frameworks/SystemConfiguration.framework; sourceTree = SDKROOT; };
		9B6A7CE31AD83E950048E29D /* GTLYouTube_Sources.m */ = {isa = PBXFileReference; fileEncoding = 4; lastKnownFileType = sourcecode.c.objc; path = GTLYouTube_Sources.m; sourceTree = "<group>"; };
		9B8C24D61AD86C46009ED08C /* TableViewController.h */ = {isa = PBXFileReference; fileEncoding = 4; lastKnownFileType = sourcecode.c.h; path = TableViewController.h; sourceTree = "<group>"; };
		9B8C24D71AD86C46009ED08C /* TableViewController.m */ = {isa = PBXFileReference; fileEncoding = 4; lastKnownFileType = sourcecode.c.objc; path = TableViewController.m; sourceTree = "<group>"; };
		9B8C24DA1AD86FF9009ED08C /* YouTubeHelper.h */ = {isa = PBXFileReference; fileEncoding = 4; lastKnownFileType = sourcecode.c.h; path = YouTubeHelper.h; sourceTree = "<group>"; };
		9B8C24DB1AD86FF9009ED08C /* YouTubeHelper.m */ = {isa = PBXFileReference; fileEncoding = 4; lastKnownFileType = sourcecode.c.objc; path = YouTubeHelper.m; sourceTree = "<group>"; };
		9B8C24DD1AD8762A009ED08C /* GTLYouTube.h */ = {isa = PBXFileReference; lastKnownFileType = sourcecode.c.h; path = GTLYouTube.h; sourceTree = "<group>"; };
		9B8C24DE1AD877EE009ED08C /* GTMOAuth2Authentication.h */ = {isa = PBXFileReference; lastKnownFileType = sourcecode.c.h; name = GTMOAuth2Authentication.h; path = "Products/Debug-iphonesimulator/Headers/GTMOAuth2Authentication.h"; sourceTree = SOURCE_ROOT; };
/* End PBXFileReference section */

/* Begin PBXFrameworksBuildPhase section */
		9B6A7B081AD837D40048E29D /* Frameworks */ = {
			isa = PBXFrameworksBuildPhase;
			buildActionMask = 2147483647;
			files = (
				9B6A7CE21AD83DEB0048E29D /* SystemConfiguration.framework in Frameworks */,
				9B6A7CE01AD83D900048E29D /* Security.framework in Frameworks */,
				9B6A7B381AD8398A0048E29D /* libGTLTouchStaticLib.a in Frameworks */,
			);
			runOnlyForDeploymentPostprocessing = 0;
		};
		9B6A7B211AD837D40048E29D /* Frameworks */ = {
			isa = PBXFrameworksBuildPhase;
			buildActionMask = 2147483647;
			files = (
			);
			runOnlyForDeploymentPostprocessing = 0;
		};
/* End PBXFrameworksBuildPhase section */

/* Begin PBXGroup section */
		9B6A7B021AD837D40048E29D = {
			isa = PBXGroup;
			children = (
				9B6A7CE11AD83DEB0048E29D /* SystemConfiguration.framework */,
				9B6A7CDF1AD83D900048E29D /* Security.framework */,
				9B6A7B361AD839670048E29D /* Google */,
				9B6A7B0D1AD837D40048E29D /* TopTastic */,
				9B6A7B271AD837D40048E29D /* TopTasticTests */,
				9B6A7B0C1AD837D40048E29D /* Products */,
			);
			sourceTree = "<group>";
		};
		9B6A7B0C1AD837D40048E29D /* Products */ = {
			isa = PBXGroup;
			children = (
				9B6A7B0B1AD837D40048E29D /* TopTastic.app */,
				9B6A7B241AD837D40048E29D /* TopTasticTests.xctest */,
			);
			name = Products;
			sourceTree = "<group>";
		};
		9B6A7B0D1AD837D40048E29D /* TopTastic */ = {
			isa = PBXGroup;
			children = (
				9B6A7B121AD837D40048E29D /* AppDelegate.h */,
				9B6A7B131AD837D40048E29D /* AppDelegate.m */,
				9B6A7B181AD837D40048E29D /* Main.storyboard */,
				9B6A7B1B1AD837D40048E29D /* Images.xcassets */,
				9B6A7B1D1AD837D40048E29D /* LaunchScreen.xib */,
				9B8C24D61AD86C46009ED08C /* TableViewController.h */,
				9B8C24D71AD86C46009ED08C /* TableViewController.m */,
				9B8C24DA1AD86FF9009ED08C /* YouTubeHelper.h */,
				9B8C24DB1AD86FF9009ED08C /* YouTubeHelper.m */,
				9B6A7B0E1AD837D40048E29D /* Supporting Files */,
			);
			path = TopTastic;
			sourceTree = "<group>";
		};
		9B6A7B0E1AD837D40048E29D /* Supporting Files */ = {
			isa = PBXGroup;
			children = (
				9B6A7B0F1AD837D40048E29D /* Info.plist */,
				9B6A7B101AD837D40048E29D /* main.m */,
			);
			name = "Supporting Files";
			sourceTree = "<group>";
		};
		9B6A7B271AD837D40048E29D /* TopTasticTests */ = {
			isa = PBXGroup;
			children = (
				9B6A7B2A1AD837D40048E29D /* TopTasticTests.m */,
				9B6A7B281AD837D40048E29D /* Supporting Files */,
			);
			path = TopTasticTests;
			sourceTree = "<group>";
		};
		9B6A7B281AD837D40048E29D /* Supporting Files */ = {
			isa = PBXGroup;
			children = (
				9B6A7B291AD837D40048E29D /* Info.plist */,
			);
			name = "Supporting Files";
			sourceTree = "<group>";
		};
		9B6A7B361AD839670048E29D /* Google */ = {
			isa = PBXGroup;
			children = (
				9B6A7B551AD83A500048E29D /* Generated */,
				9B6A7B371AD8398A0048E29D /* libGTLTouchStaticLib.a */,
				9B6A7B391AD839A30048E29D /* Headers */,
			);
			name = Google;
			sourceTree = "<group>";
		};
		9B6A7B391AD839A30048E29D /* Headers */ = {
			isa = PBXGroup;
			children = (
				9B6A7B3A1AD839A30048E29D /* GTLBase64.h */,
				9B6A7B3B1AD839A30048E29D /* GTLBatchQuery.h */,
				9B6A7B3C1AD839A30048E29D /* GTLBatchResult.h */,
				9B6A7B3D1AD839A30048E29D /* GTLDateTime.h */,
				9B6A7B3E1AD839A30048E29D /* GTLDefines.h */,
				9B6A7B3F1AD839A30048E29D /* GTLErrorObject.h */,
				9B6A7B401AD839A30048E29D /* GTLFramework.h */,
				9B6A7B411AD839A30048E29D /* GTLJSONParser.h */,
				9B6A7B421AD839A30048E29D /* GTLObject.h */,
				9B6A7B431AD839A30048E29D /* GTLQuery.h */,
				9B6A7B441AD839A30048E29D /* GTLRuntimeCommon.h */,
				9B6A7B451AD839A30048E29D /* GTLService.h */,
				9B6A7B461AD839A30048E29D /* GTLTargetNamespace.h */,
				9B6A7B471AD839A30048E29D /* GTLUploadParameters.h */,
				9B6A7B481AD839A30048E29D /* GTLUtilities.h */,
				9B6A7B491AD839A30048E29D /* GTMGatherInputStream.h */,
				9B6A7B4A1AD839A30048E29D /* GTMHTTPFetcher.h */,
				9B6A7B4B1AD839A30048E29D /* GTMHTTPFetcherLogging.h */,
				9B6A7B4C1AD839A30048E29D /* GTMHTTPFetcherService.h */,
				9B6A7B4D1AD839A30048E29D /* GTMHTTPFetchHistory.h */,
				9B6A7B4E1AD839A30048E29D /* GTMHTTPUploadFetcher.h */,
				9B6A7B4F1AD839A30048E29D /* GTMMIMEDocument.h */,
				9B6A7B501AD839A30048E29D /* GTMOAuth2Authentication.h */,
				9B6A7B511AD839A30048E29D /* GTMOAuth2SignIn.h */,
				9B6A7B521AD839A30048E29D /* GTMOAuth2ViewControllerTouch.h */,
				9B6A7B531AD839A30048E29D /* GTMOAuth2WindowController.h */,
				9B6A7B541AD839A30048E29D /* GTMReadMonitorInputStream.h */,
			);
			name = Headers;
			path = "Products/Debug-iphonesimulator/Headers";
			sourceTree = "<group>";
		};
		9B6A7B551AD83A500048E29D /* Generated */ = {
			isa = PBXGroup;
			children = (
				9B3885181ADC304700F77EA6 /* GTLYouTubePlaylistItemListResponse.h */,
				9B8C24DD1AD8762A009ED08C /* GTLYouTube.h */,
				9B8C24DE1AD877EE009ED08C /* GTMOAuth2Authentication.h */,
				9B6A7CE31AD83E950048E29D /* GTLYouTube_Sources.m */,
			);
			path = Generated;
			sourceTree = "<group>";
		};
/* End PBXGroup section */

/* Begin PBXNativeTarget section */
		9B6A7B0A1AD837D40048E29D /* TopTastic */ = {
			isa = PBXNativeTarget;
			buildConfigurationList = 9B6A7B2E1AD837D40048E29D /* Build configuration list for PBXNativeTarget "TopTastic" */;
			buildPhases = (
				9B6A7B071AD837D40048E29D /* Sources */,
				9B6A7B081AD837D40048E29D /* Frameworks */,
				9B6A7B091AD837D40048E29D /* Resources */,
			);
			buildRules = (
			);
			dependencies = (
			);
			name = TopTastic;
			productName = TopTastic;
			productReference = 9B6A7B0B1AD837D40048E29D /* TopTastic.app */;
			productType = "com.apple.product-type.application";
		};
		9B6A7B231AD837D40048E29D /* TopTasticTests */ = {
			isa = PBXNativeTarget;
			buildConfigurationList = 9B6A7B311AD837D40048E29D /* Build configuration list for PBXNativeTarget "TopTasticTests" */;
			buildPhases = (
				9B6A7B201AD837D40048E29D /* Sources */,
				9B6A7B211AD837D40048E29D /* Frameworks */,
				9B6A7B221AD837D40048E29D /* Resources */,
			);
			buildRules = (
			);
			dependencies = (
				9B6A7B261AD837D40048E29D /* PBXTargetDependency */,
			);
			name = TopTasticTests;
			productName = TopTasticTests;
			productReference = 9B6A7B241AD837D40048E29D /* TopTasticTests.xctest */;
			productType = "com.apple.product-type.bundle.unit-test";
		};
/* End PBXNativeTarget section */

/* Begin PBXProject section */
		9B6A7B031AD837D40048E29D /* Project object */ = {
			isa = PBXProject;
			attributes = {
				LastUpgradeCheck = 0620;
				ORGANIZATIONNAME = Mandi;
				TargetAttributes = {
					9B6A7B0A1AD837D40048E29D = {
						CreatedOnToolsVersion = 6.2;
					};
					9B6A7B231AD837D40048E29D = {
						CreatedOnToolsVersion = 6.2;
						TestTargetID = 9B6A7B0A1AD837D40048E29D;
					};
				};
			};
			buildConfigurationList = 9B6A7B061AD837D40048E29D /* Build configuration list for PBXProject "TopTastic" */;
			compatibilityVersion = "Xcode 3.2";
			developmentRegion = English;
			hasScannedForEncodings = 0;
			knownRegions = (
				en,
				Base,
			);
			mainGroup = 9B6A7B021AD837D40048E29D;
			productRefGroup = 9B6A7B0C1AD837D40048E29D /* Products */;
			projectDirPath = "";
			projectRoot = "";
			targets = (
				9B6A7B0A1AD837D40048E29D /* TopTastic */,
				9B6A7B231AD837D40048E29D /* TopTasticTests */,
			);
		};
/* End PBXProject section */

/* Begin PBXResourcesBuildPhase section */
		9B6A7B091AD837D40048E29D /* Resources */ = {
			isa = PBXResourcesBuildPhase;
			buildActionMask = 2147483647;
			files = (
				9B6A7B1A1AD837D40048E29D /* Main.storyboard in Resources */,
				9B6A7B1F1AD837D40048E29D /* LaunchScreen.xib in Resources */,
				9B6A7B1C1AD837D40048E29D /* Images.xcassets in Resources */,
			);
			runOnlyForDeploymentPostprocessing = 0;
		};
		9B6A7B221AD837D40048E29D /* Resources */ = {
			isa = PBXResourcesBuildPhase;
			buildActionMask = 2147483647;
			files = (
			);
			runOnlyForDeploymentPostprocessing = 0;
		};
/* End PBXResourcesBuildPhase section */

/* Begin PBXSourcesBuildPhase section */
		9B6A7B071AD837D40048E29D /* Sources */ = {
			isa = PBXSourcesBuildPhase;
			buildActionMask = 2147483647;
			files = (
				9B6A7B141AD837D40048E29D /* AppDelegate.m in Sources */,
				9B8C24DC1AD86FF9009ED08C /* YouTubeHelper.m in Sources */,
				9B6A7CE41AD83E950048E29D /* GTLYouTube_Sources.m in Sources */,
				9B8C24D81AD86C46009ED08C /* TableViewController.m in Sources */,
				9B6A7B111AD837D40048E29D /* main.m in Sources */,
			);
			runOnlyForDeploymentPostprocessing = 0;
		};
		9B6A7B201AD837D40048E29D /* Sources */ = {
			isa = PBXSourcesBuildPhase;
			buildActionMask = 2147483647;
			files = (
				9B6A7B2B1AD837D40048E29D /* TopTasticTests.m in Sources */,
			);
			runOnlyForDeploymentPostprocessing = 0;
		};
/* End PBXSourcesBuildPhase section */

/* Begin PBXTargetDependency section */
		9B6A7B261AD837D40048E29D /* PBXTargetDependency */ = {
			isa = PBXTargetDependency;
			target = 9B6A7B0A1AD837D40048E29D /* TopTastic */;
			targetProxy = 9B6A7B251AD837D40048E29D /* PBXContainerItemProxy */;
		};
/* End PBXTargetDependency section */

/* Begin PBXVariantGroup section */
		9B6A7B181AD837D40048E29D /* Main.storyboard */ = {
			isa = PBXVariantGroup;
			children = (
				9B6A7B191AD837D40048E29D /* Base */,
			);
			name = Main.storyboard;
			sourceTree = "<group>";
		};
		9B6A7B1D1AD837D40048E29D /* LaunchScreen.xib */ = {
			isa = PBXVariantGroup;
			children = (
				9B6A7B1E1AD837D40048E29D /* Base */,
			);
			name = LaunchScreen.xib;
			sourceTree = "<group>";
		};
/* End PBXVariantGroup section */

/* Begin XCBuildConfiguration section */
		9B6A7B2C1AD837D40048E29D /* Debug */ = {
			isa = XCBuildConfiguration;
			buildSettings = {
				ALWAYS_SEARCH_USER_PATHS = NO;
				CLANG_CXX_LANGUAGE_STANDARD = "gnu++0x";
				CLANG_CXX_LIBRARY = "libc++";
				CLANG_ENABLE_MODULES = YES;
				CLANG_ENABLE_OBJC_ARC = YES;
				CLANG_WARN_BOOL_CONVERSION = YES;
				CLANG_WARN_CONSTANT_CONVERSION = YES;
				CLANG_WARN_DIRECT_OBJC_ISA_USAGE = YES_ERROR;
				CLANG_WARN_EMPTY_BODY = YES;
				CLANG_WARN_ENUM_CONVERSION = YES;
				CLANG_WARN_INT_CONVERSION = YES;
				CLANG_WARN_OBJC_ROOT_CLASS = YES_ERROR;
				CLANG_WARN_UNREACHABLE_CODE = YES;
				CLANG_WARN__DUPLICATE_METHOD_MATCH = YES;
				"CODE_SIGN_IDENTITY[sdk=iphoneos*]" = "iPhone Developer";
				COPY_PHASE_STRIP = NO;
				ENABLE_STRICT_OBJC_MSGSEND = YES;
				GCC_C_LANGUAGE_STANDARD = gnu99;
				GCC_DYNAMIC_NO_PIC = NO;
				GCC_OPTIMIZATION_LEVEL = 0;
				GCC_PREPROCESSOR_DEFINITIONS = (
					"DEBUG=1",
					"$(inherited)",
				);
				GCC_SYMBOLS_PRIVATE_EXTERN = NO;
				GCC_WARN_64_TO_32_BIT_CONVERSION = YES;
				GCC_WARN_ABOUT_RETURN_TYPE = YES_ERROR;
				GCC_WARN_UNDECLARED_SELECTOR = YES;
				GCC_WARN_UNINITIALIZED_AUTOS = YES_AGGRESSIVE;
				GCC_WARN_UNUSED_FUNCTION = YES;
				GCC_WARN_UNUSED_VARIABLE = YES;
				IPHONEOS_DEPLOYMENT_TARGET = 8.2;
				MTL_ENABLE_DEBUG_INFO = YES;
				ONLY_ACTIVE_ARCH = YES;
				SDKROOT = iphoneos;
				TARGETED_DEVICE_FAMILY = "1,2";
			};
			name = Debug;
		};
		9B6A7B2D1AD837D40048E29D /* Release */ = {
			isa = XCBuildConfiguration;
			buildSettings = {
				ALWAYS_SEARCH_USER_PATHS = NO;
				CLANG_CXX_LANGUAGE_STANDARD = "gnu++0x";
				CLANG_CXX_LIBRARY = "libc++";
				CLANG_ENABLE_MODULES = YES;
				CLANG_ENABLE_OBJC_ARC = YES;
				CLANG_WARN_BOOL_CONVERSION = YES;
				CLANG_WARN_CONSTANT_CONVERSION = YES;
				CLANG_WARN_DIRECT_OBJC_ISA_USAGE = YES_ERROR;
				CLANG_WARN_EMPTY_BODY = YES;
				CLANG_WARN_ENUM_CONVERSION = YES;
				CLANG_WARN_INT_CONVERSION = YES;
				CLANG_WARN_OBJC_ROOT_CLASS = YES_ERROR;
				CLANG_WARN_UNREACHABLE_CODE = YES;
				CLANG_WARN__DUPLICATE_METHOD_MATCH = YES;
				"CODE_SIGN_IDENTITY[sdk=iphoneos*]" = "iPhone Developer";
				COPY_PHASE_STRIP = NO;
				ENABLE_NS_ASSERTIONS = NO;
				ENABLE_STRICT_OBJC_MSGSEND = YES;
				GCC_C_LANGUAGE_STANDARD = gnu99;
				GCC_WARN_64_TO_32_BIT_CONVERSION = YES;
				GCC_WARN_ABOUT_RETURN_TYPE = YES_ERROR;
				GCC_WARN_UNDECLARED_SELECTOR = YES;
				GCC_WARN_UNINITIALIZED_AUTOS = YES_AGGRESSIVE;
				GCC_WARN_UNUSED_FUNCTION = YES;
				GCC_WARN_UNUSED_VARIABLE = YES;
				IPHONEOS_DEPLOYMENT_TARGET = 8.2;
				MTL_ENABLE_DEBUG_INFO = NO;
				SDKROOT = iphoneos;
				TARGETED_DEVICE_FAMILY = "1,2";
				VALIDATE_PRODUCT = YES;
			};
			name = Release;
		};
		9B6A7B2F1AD837D40048E29D /* Debug */ = {
			isa = XCBuildConfiguration;
			buildSettings = {
				ASSETCATALOG_COMPILER_APPICON_NAME = AppIcon;
				INFOPLIST_FILE = TopTastic/Info.plist;
				LD_RUNPATH_SEARCH_PATHS = "$(inherited) @executable_path/Frameworks";
				LIBRARY_SEARCH_PATHS = (
					"$(inherited)",
					"$(PROJECT_DIR)/Products/Debug-iphonesimulator",
				);
				"OTHER_LDFLAGS[arch=*]" = (
					"-ObjC",
					"-all_load\n",
					"-ObjC",
					"-all_load\n",
				);
				PRODUCT_NAME = "$(TARGET_NAME)";
			};
			name = Debug;
		};
		9B6A7B301AD837D40048E29D /* Release */ = {
			isa = XCBuildConfiguration;
			buildSettings = {
				ASSETCATALOG_COMPILER_APPICON_NAME = AppIcon;
				INFOPLIST_FILE = TopTastic/Info.plist;
				LD_RUNPATH_SEARCH_PATHS = "$(inherited) @executable_path/Frameworks";
				LIBRARY_SEARCH_PATHS = (
					"$(inherited)",
					"$(PROJECT_DIR)/Products/Debug-iphonesimulator",
				);
				"OTHER_LDFLAGS[arch=*]" = (
					"-ObjC",
					"-all_load\n",
				);
				PRODUCT_NAME = "$(TARGET_NAME)";
			};
			name = Release;
		};
		9B6A7B321AD837D40048E29D /* Debug */ = {
			isa = XCBuildConfiguration;
			buildSettings = {
				BUNDLE_LOADER = "$(TEST_HOST)";
				FRAMEWORK_SEARCH_PATHS = (
					"$(SDKROOT)/Developer/Library/Frameworks",
					"$(inherited)",
				);
				GCC_PREPROCESSOR_DEFINITIONS = (
					"DEBUG=1",
					"$(inherited)",
				);
				INFOPLIST_FILE = TopTasticTests/Info.plist;
				LD_RUNPATH_SEARCH_PATHS = "$(inherited) @executable_path/Frameworks @loader_path/Frameworks";
				PRODUCT_NAME = "$(TARGET_NAME)";
				TEST_HOST = "$(BUILT_PRODUCTS_DIR)/TopTastic.app/TopTastic";
			};
			name = Debug;
		};
		9B6A7B331AD837D40048E29D /* Release */ = {
			isa = XCBuildConfiguration;
			buildSettings = {
				BUNDLE_LOADER = "$(TEST_HOST)";
				FRAMEWORK_SEARCH_PATHS = (
					"$(SDKROOT)/Developer/Library/Frameworks",
					"$(inherited)",
				);
				INFOPLIST_FILE = TopTasticTests/Info.plist;
				LD_RUNPATH_SEARCH_PATHS = "$(inherited) @executable_path/Frameworks @loader_path/Frameworks";
				PRODUCT_NAME = "$(TARGET_NAME)";
				TEST_HOST = "$(BUILT_PRODUCTS_DIR)/TopTastic.app/TopTastic";
			};
			name = Release;
		};
/* End XCBuildConfiguration section */

/* Begin XCConfigurationList section */
		9B6A7B061AD837D40048E29D /* Build configuration list for PBXProject "TopTastic" */ = {
			isa = XCConfigurationList;
			buildConfigurations = (
				9B6A7B2C1AD837D40048E29D /* Debug */,
				9B6A7B2D1AD837D40048E29D /* Release */,
			);
			defaultConfigurationIsVisible = 0;
			defaultConfigurationName = Release;
		};
		9B6A7B2E1AD837D40048E29D /* Build configuration list for PBXNativeTarget "TopTastic" */ = {
			isa = XCConfigurationList;
			buildConfigurations = (
				9B6A7B2F1AD837D40048E29D /* Debug */,
				9B6A7B301AD837D40048E29D /* Release */,
			);
			defaultConfigurationIsVisible = 0;
			defaultConfigurationName = Release;
		};
		9B6A7B311AD837D40048E29D /* Build configuration list for PBXNativeTarget "TopTasticTests" */ = {
			isa = XCConfigurationList;
			buildConfigurations = (
				9B6A7B321AD837D40048E29D /* Debug */,
				9B6A7B331AD837D40048E29D /* Release */,
			);
			defaultConfigurationIsVisible = 0;
			defaultConfigurationName = Release;
		};
/* End XCConfigurationList section */
	};
	rootObject = 9B6A7B031AD837D40048E29D /* Project object */;
}
